{
  "R": {
    "Version": "4.4.2",
    "Repositories": [
      {
        "Name": "CRAN",
        "URL": "https://cloud.r-project.org"
      }
    ]
  },
  "Packages": {
    "MASS": {
      "Package": "MASS",
      "Version": "7.3-61",
      "Source": "Repository",
      "Priority": "recommended",
      "Date": "2024-06-10",
      "Revision": "$Rev: 3657 $",
      "Depends": [
        "R (>= 4.4.0)",
        "grDevices",
        "graphics",
        "stats",
        "utils"
      ],
      "Imports": [
        "methods"
      ],
      "Suggests": [
        "lattice",
        "nlme",
        "nnet",
        "survival"
      ],
      "Authors@R": "c(person(\"Brian\", \"Ripley\", role = c(\"aut\", \"cre\", \"cph\"), email = \"ripley@stats.ox.ac.uk\"), person(\"Bill\", \"Venables\", role = c(\"aut\", \"cph\")), person(c(\"Douglas\", \"M.\"), \"Bates\", role = \"ctb\"), person(\"Kurt\", \"Hornik\", role = \"trl\", comment = \"partial port ca 1998\"), person(\"Albrecht\", \"Gebhardt\", role = \"trl\", comment = \"partial port ca 1998\"), person(\"David\", \"Firth\", role = \"ctb\", comment = \"support functions for polr\"))",
      "Description": "Functions and datasets to support Venables and Ripley, \"Modern Applied Statistics with S\" (4th edition, 2002).",
      "Title": "Support Functions and Datasets for Venables and Ripley's MASS",
      "LazyData": "yes",
      "ByteCompile": "yes",
      "License": "GPL-2 | GPL-3",
      "URL": "http://www.stats.ox.ac.uk/pub/MASS4/",
      "Contact": "<MASS@stats.ox.ac.uk>",
      "NeedsCompilation": "yes",
      "Author": "Brian Ripley [aut, cre, cph], Bill Venables [aut, cph], Douglas M. Bates [ctb], Kurt Hornik [trl] (partial port ca 1998), Albrecht Gebhardt [trl] (partial port ca 1998), David Firth [ctb] (support functions for polr)",
      "Maintainer": "Brian Ripley <ripley@stats.ox.ac.uk>",
      "Repository": "CRAN"
    },
    "Matrix": {
      "Package": "Matrix",
      "Version": "1.7-1",
      "Source": "Repository",
      "VersionNote": "do also bump src/version.h, inst/include/Matrix/version.h",
      "Date": "2024-10-17",
      "Priority": "recommended",
      "Title": "Sparse and Dense Matrix Classes and Methods",
      "Description": "A rich hierarchy of sparse and dense matrix classes, including general, symmetric, triangular, and diagonal matrices with numeric, logical, or pattern entries.  Efficient methods for operating on such matrices, often wrapping the 'BLAS', 'LAPACK', and 'SuiteSparse' libraries.",
      "License": "GPL (>= 2) | file LICENCE",
      "URL": "https://Matrix.R-forge.R-project.org",
      "BugReports": "https://R-forge.R-project.org/tracker/?atid=294&group_id=61",
      "Contact": "Matrix-authors@R-project.org",
      "Authors@R": "c(person(\"Douglas\", \"Bates\", role = \"aut\", comment = c(ORCID = \"0000-0001-8316-9503\")), person(\"Martin\", \"Maechler\", role = c(\"aut\", \"cre\"), email = \"mmaechler+Matrix@gmail.com\", comment = c(ORCID = \"0000-0002-8685-9910\")), person(\"Mikael\", \"Jagan\", role = \"aut\", comment = c(ORCID = \"0000-0002-3542-2938\")), person(\"Timothy A.\", \"Davis\", role = \"ctb\", comment = c(ORCID = \"0000-0001-7614-6899\", \"SuiteSparse libraries\", \"collaborators listed in dir(system.file(\\\"doc\\\", \\\"SuiteSparse\\\", package=\\\"Matrix\\\"), pattern=\\\"License\\\", full.names=TRUE, recursive=TRUE)\")), person(\"George\", \"Karypis\", role = \"ctb\", comment = c(ORCID = \"0000-0003-2753-1437\", \"METIS library\", \"Copyright: Regents of the University of Minnesota\")), person(\"Jason\", \"Riedy\", role = \"ctb\", comment = c(ORCID = \"0000-0002-4345-4200\", \"GNU Octave's condest() and onenormest()\", \"Copyright: Regents of the University of California\")), person(\"Jens\", \"Oehlschlägel\", role = \"ctb\", comment = \"initial nearPD()\"), person(\"R Core Team\", role = \"ctb\", comment = \"base R's matrix implementation\"))",
      "Depends": [
        "R (>= 4.4.0)",
        "methods"
      ],
      "Imports": [
        "grDevices",
        "graphics",
        "grid",
        "lattice",
        "stats",
        "utils"
      ],
      "Suggests": [
        "MASS",
        "datasets",
        "sfsmisc",
        "tools"
      ],
      "Enhances": [
        "SparseM",
        "graph"
      ],
      "LazyData": "no",
      "LazyDataNote": "not possible, since we use data/*.R and our S4 classes",
      "BuildResaveData": "no",
      "Encoding": "UTF-8",
      "NeedsCompilation": "yes",
      "Author": "Douglas Bates [aut] (<https://orcid.org/0000-0001-8316-9503>), Martin Maechler [aut, cre] (<https://orcid.org/0000-0002-8685-9910>), Mikael Jagan [aut] (<https://orcid.org/0000-0002-3542-2938>), Timothy A. Davis [ctb] (<https://orcid.org/0000-0001-7614-6899>, SuiteSparse libraries, collaborators listed in dir(system.file(\"doc\", \"SuiteSparse\", package=\"Matrix\"), pattern=\"License\", full.names=TRUE, recursive=TRUE)), George Karypis [ctb] (<https://orcid.org/0000-0003-2753-1437>, METIS library, Copyright: Regents of the University of Minnesota), Jason Riedy [ctb] (<https://orcid.org/0000-0002-4345-4200>, GNU Octave's condest() and onenormest(), Copyright: Regents of the University of California), Jens Oehlschlägel [ctb] (initial nearPD()), R Core Team [ctb] (base R's matrix implementation)",
      "Maintainer": "Martin Maechler <mmaechler+Matrix@gmail.com>",
      "Repository": "CRAN"
    },
    "Rcpp": {
      "Package": "Rcpp",
      "Version": "1.1.1",
      "Source": "Repository",
      "Title": "Seamless R and C++ Integration",
      "Date": "2026-01-07",
      "Authors@R": "c(person(\"Dirk\", \"Eddelbuettel\", role = c(\"aut\", \"cre\"), email = \"edd@debian.org\", comment = c(ORCID = \"0000-0001-6419-907X\")), person(\"Romain\", \"Francois\", role = \"aut\", comment = c(ORCID = \"0000-0002-2444-4226\")), person(\"JJ\", \"Allaire\", role = \"aut\", comment = c(ORCID = \"0000-0003-0174-9868\")), person(\"Kevin\", \"Ushey\", role = \"aut\", comment = c(ORCID = \"0000-0003-2880-7407\")), person(\"Qiang\", \"Kou\", role = \"aut\", comment = c(ORCID = \"0000-0001-6786-5453\")), person(\"Nathan\", \"Russell\", role = \"aut\"), person(\"Iñaki\", \"Ucar\", role = \"aut\", comment = c(ORCID = \"0000-0001-6403-5550\")), person(\"Doug\", \"Bates\", role = \"aut\", comment = c(ORCID = \"0000-0001-8316-9503\")), person(\"John\", \"Chambers\", role = \"aut\"))",
      "Description": "The 'Rcpp' package provides R functions as well as C++ classes which offer a seamless integration of R and C++. Many R data types and objects can be mapped back and forth to C++ equivalents which facilitates both writing of new code as well as easier integration of third-party libraries. Documentation about 'Rcpp' is provided by several vignettes included in this package, via the 'Rcpp Gallery' site at <https://gallery.rcpp.org>, the paper by Eddelbuettel and Francois (2011, <doi:10.18637/jss.v040.i08>), the book by Eddelbuettel (2013, <doi:10.1007/978-1-4614-6868-4>) and the paper by Eddelbuettel and Balamuta (2018, <doi:10.1080/00031305.2017.1375990>); see 'citation(\"Rcpp\")' for details.",
      "Depends": [
        "R (>= 3.5.0)"
      ],
      "Imports": [
        "methods",
        "utils"
      ],
      "Suggests": [
        "tinytest",
        "inline",
        "rbenchmark",
        "pkgKitten (>= 0.1.2)"
      ],
      "URL": "https://www.rcpp.org, https://dirk.eddelbuettel.com/code/rcpp.html, https://github.com/RcppCore/Rcpp",
      "License": "GPL (>= 2)",
      "BugReports": "https://github.com/RcppCore/Rcpp/issues",
      "MailingList": "rcpp-devel@lists.r-forge.r-project.org",
      "RoxygenNote": "6.1.1",
      "Encoding": "UTF-8",
      "VignetteBuilder": "Rcpp",
      "NeedsCompilation": "yes",
      "Author": "Dirk Eddelbuettel [aut, cre] (ORCID: <https://orcid.org/0000-0001-6419-907X>), Romain Francois [aut] (ORCID: <https://orcid.org/0000-0002-2444-4226>), JJ Allaire [aut] (ORCID: <https://orcid.org/0000-0003-0174-9868>), Kevin Ushey [aut] (ORCID: <https://orcid.org/0000-0003-2880-7407>), Qiang Kou [aut] (ORCID: <https://orcid.org/0000-0001-6786-5453>), Nathan Russell [aut], Iñaki Ucar [aut] (ORCID: <https://orcid.org/0000-0001-6403-5550>), Doug Bates [aut] (ORCID: <https://orcid.org/0000-0001-8316-9503>), John Chambers [aut]",
      "Maintainer": "Dirk Eddelbuettel <edd@debian.org>",
      "Repository": "CRAN"
    },
    "bbmle": {
      "Package": "bbmle",
      "Version": "1.0.25.1",
      "Source": "Repository",
      "Title": "Tools for General Maximum Likelihood Estimation",
      "Description": "Methods and functions for fitting maximum likelihood models in R. This package modifies and extends the 'mle' classes in the 'stats4' package.",
      "Authors@R": "c(person(\"Ben\",\"Bolker\",email=\"bolker@mcmaster.ca\",role=c(\"aut\",\"cre\"), comment=c(ORCID=\"0000-0002-2127-0443\")), person(\"R Development Core Team\",role=c(\"aut\")), person(\"Iago Giné-Vázquez\", role=c(\"ctb\")) )",
      "Depends": [
        "R (>= 3.0.0)",
        "stats4"
      ],
      "Imports": [
        "stats",
        "numDeriv",
        "lattice",
        "MASS",
        "methods",
        "bdsmatrix",
        "Matrix",
        "mvtnorm"
      ],
      "Suggests": [
        "emdbook",
        "rms",
        "ggplot2",
        "RUnit",
        "MuMIn",
        "AICcmodavg",
        "Hmisc",
        "optimx (>= 2013.8.6)",
        "knitr",
        "testthat"
      ],
      "VignetteBuilder": "knitr",
      "BuildVignettes": "yes",
      "License": "GPL",
      "URL": "https://github.com/bbolker/bbmle",
      "Collate": "'mle2-class.R' 'mle2-methods.R' 'mle.R' 'confint.R' 'predict.R' 'profile.R' 'update.R' 'dists.R' 'IC.R' 'slice.R' 'impsamp.R' 'TMB.R'",
      "RoxygenNote": "7.1.0",
      "Encoding": "UTF-8",
      "NeedsCompilation": "no",
      "Author": "Ben Bolker [aut, cre] (<https://orcid.org/0000-0002-2127-0443>), R Development Core Team [aut], Iago Giné-Vázquez [ctb]",
      "Maintainer": "Ben Bolker <bolker@mcmaster.ca>",
      "Repository": "CRAN"
    },
    "bdsmatrix": {
      "Package": "bdsmatrix",
      "Version": "1.3-7",
      "Source": "Repository",
      "Title": "Routines for Block Diagonal Symmetric Matrices",
      "Maintainer": "Terry Therneau <therneau.terry@mayo.edu>",
      "Date": "2024-03-01",
      "Depends": [
        "methods",
        "R (>= 2.0.0)"
      ],
      "LazyLoad": "Yes",
      "Author": "Terry Therneau",
      "Description": "This is a special case of sparse matrices, used by coxme.",
      "License": "LGPL-2",
      "Collate": "bdsmatrix.R gchol.R gchol.bdsmatrix.R as.matrix.bdsmatrix.R bdsBlock.R bdsI.R bdsmatrix.ibd.R bdsmatrix.reconcile.R diag.bdsmatrix.R listbdsmatrix.R multiply.bdsmatrix.R solve.bdsmatrix.R solve.gchol.R solve.gchol.bdsmatrix.R backsolve.R",
      "NeedsCompilation": "yes",
      "Repository": "CRAN"
    },
    "coda": {
      "Package": "coda",
      "Version": "0.19-4.1",
      "Source": "Repository",
      "Date": "2020-09-30",
      "Title": "Output Analysis and Diagnostics for MCMC",
      "Authors@R": "c(person(\"Martyn\", \"Plummer\", role=c(\"aut\",\"cre\",\"trl\"), email=\"martyn.plummer@gmail.com\"), person(\"Nicky\", \"Best\", role=\"aut\"), person(\"Kate\", \"Cowles\", role=\"aut\"), person(\"Karen\", \"Vines\", role=\"aut\"), person(\"Deepayan\", \"Sarkar\", role=\"aut\"), person(\"Douglas\", \"Bates\", role=\"aut\"), person(\"Russell\", \"Almond\", role=\"aut\"), person(\"Arni\", \"Magnusson\", role=\"aut\"))",
      "Depends": [
        "R (>= 2.14.0)"
      ],
      "Imports": [
        "lattice"
      ],
      "Description": "Provides functions for summarizing and plotting the output from Markov Chain Monte Carlo (MCMC) simulations, as well as diagnostic tests of convergence to the equilibrium distribution of the Markov chain.",
      "License": "GPL (>= 2)",
      "NeedsCompilation": "no",
      "Author": "Martyn Plummer [aut, cre, trl], Nicky Best [aut], Kate Cowles [aut], Karen Vines [aut], Deepayan Sarkar [aut], Douglas Bates [aut], Russell Almond [aut], Arni Magnusson [aut]",
      "Maintainer": "Martyn Plummer <martyn.plummer@gmail.com>",
      "Repository": "CRAN"
    },
    "diptest": {
      "Package": "diptest",
      "Version": "0.77-2",
      "Source": "Repository",
      "VersionNote": "Last CRAN: 0.77-1 on 2024-03-31",
      "Date": "2025-08-19",
      "Authors@R": "c( person(\"Martin\", \"Maechler\", role = c(\"aut\", \"cre\"), email = \"maechler@stat.math.ethz.ch\", comment = c(\"Ported to R and C from Fortran and S-plus; much enhanced\", ORCID = \"0000-0002-8685-9910\")), person(\"Dario Ringach\", role = \"aut\", comment = \"Fortran and S-plus; at NYU.edu\"))",
      "Title": "Hartigan's Dip Test Statistic for Unimodality - Corrected",
      "Description": "Compute Hartigan's dip test statistic for unimodality / multimodality and provide a test with simulation based p-values,  where the original public code has been corrected.",
      "Imports": [
        "graphics",
        "stats"
      ],
      "BuildResaveData": "no",
      "License": "GPL (>= 2)",
      "URL": "https://github.com/mmaechler/diptest",
      "BugReports": "https://github.com/mmaechler/diptest/issues",
      "NeedsCompilation": "yes",
      "Author": "Martin Maechler [aut, cre] (Ported to R and C from Fortran and S-plus; much enhanced, ORCID: <https://orcid.org/0000-0002-8685-9910>), Dario Ringach [aut] (Fortran and S-plus; at NYU.edu)",
      "Maintainer": "Martin Maechler <maechler@stat.math.ethz.ch>",
      "Repository": "CRAN"
    },
    "emdbook": {
      "Package": "emdbook",
      "Version": "1.3.14",
      "Source": "Repository",
      "Type": "Package",
      "Title": "Support Functions and Data for \"Ecological Models and Data\"",
      "LazyData": "yes",
      "Authors@R": "c(person(\"Ben\",\"Bolker\",email=\"bolker@mcmaster.ca\", role=c(\"aut\",\"cre\")), person(\"Sang Woo\",\"Park\",role=\"ctb\"), person(\"James\",\"Vonesh\",role=\"dtc\"), person(\"Jacqueline\",\"Wilson\",role=\"dtc\"), person(\"Russ\",\"Schmitt\",role=\"dtc\"), person(\"Sally\",\"Holbrook\",role=\"dtc\"), person(\"James D.\",\"Thomson\",role=\"dtc\"), person(\"R. Scot\",\"Duncan\",role=\"dtc\") )",
      "Description": "Auxiliary functions and data sets for \"Ecological Models and Data\", a book presenting maximum likelihood estimation and related topics for ecologists (ISBN 978-0-691-12522-0).",
      "Suggests": [
        "R2jags",
        "ellipse",
        "SuppDists",
        "numDeriv",
        "testthat",
        "rgl"
      ],
      "Imports": [
        "MASS",
        "lattice",
        "plyr",
        "coda",
        "bbmle"
      ],
      "License": "GPL",
      "URL": "https://math.mcmaster.ca/bolker/emdbook",
      "NeedsCompilation": "no",
      "Author": "Ben Bolker [aut, cre], Sang Woo Park [ctb], James Vonesh [dtc], Jacqueline Wilson [dtc], Russ Schmitt [dtc], Sally Holbrook [dtc], James D. Thomson [dtc], R. Scot Duncan [dtc]",
      "Maintainer": "Ben Bolker <bolker@mcmaster.ca>",
      "Repository": "CRAN"
    },
    "lattice": {
      "Package": "lattice",
      "Version": "0.22-6",
      "Source": "Repository",
      "Date": "2024-03-20",
      "Priority": "recommended",
      "Title": "Trellis Graphics for R",
      "Authors@R": "c(person(\"Deepayan\", \"Sarkar\", role = c(\"aut\", \"cre\"), email = \"deepayan.sarkar@r-project.org\", comment = c(ORCID = \"0000-0003-4107-1553\")), person(\"Felix\", \"Andrews\", role = \"ctb\"), person(\"Kevin\", \"Wright\", role = \"ctb\", comment = \"documentation\"), person(\"Neil\", \"Klepeis\", role = \"ctb\"), person(\"Johan\", \"Larsson\", role = \"ctb\", comment = \"miscellaneous improvements\"), person(\"Zhijian (Jason)\", \"Wen\", role = \"cph\", comment = \"filled contour code\"), person(\"Paul\", \"Murrell\", role = \"ctb\", email = \"paul@stat.auckland.ac.nz\"), person(\"Stefan\", \"Eng\", role = \"ctb\", comment = \"violin plot improvements\"), person(\"Achim\", \"Zeileis\", role = \"ctb\", comment = \"modern colors\"), person(\"Alexandre\", \"Courtiol\", role = \"ctb\", comment = \"generics for larrows, lpolygon, lrect and lsegments\") )",
      "Description": "A powerful and elegant high-level data visualization system inspired by Trellis graphics, with an emphasis on multivariate data. Lattice is sufficient for typical graphics needs, and is also flexible enough to handle most nonstandard requirements. See ?Lattice for an introduction.",
      "Depends": [
        "R (>= 4.0.0)"
      ],
      "Suggests": [
        "KernSmooth",
        "MASS",
        "latticeExtra",
        "colorspace"
      ],
      "Imports": [
        "grid",
        "grDevices",
        "graphics",
        "stats",
        "utils"
      ],
      "Enhances": [
        "chron",
        "zoo"
      ],
      "LazyLoad": "yes",
      "LazyData": "yes",
      "License": "GPL (>= 2)",
      "URL": "https://lattice.r-forge.r-project.org/",
      "BugReports": "https://github.com/deepayan/lattice/issues",
      "NeedsCompilation": "yes",
      "Author": "Deepayan Sarkar [aut, cre] (<https://orcid.org/0000-0003-4107-1553>), Felix Andrews [ctb], Kevin Wright [ctb] (documentation), Neil Klepeis [ctb], Johan Larsson [ctb] (miscellaneous improvements), Zhijian (Jason) Wen [cph] (filled contour code), Paul Murrell [ctb], Stefan Eng [ctb] (violin plot improvements), Achim Zeileis [ctb] (modern colors), Alexandre Courtiol [ctb] (generics for larrows, lpolygon, lrect and lsegments)",
      "Maintainer": "Deepayan Sarkar <deepayan.sarkar@r-project.org>",
      "Repository": "CRAN"
    },
    "mvtnorm": {
      "Package": "mvtnorm",
      "Version": "1.3-6",
      "Source": "Repository",
      "Title": "Multivariate Normal and t Distributions",
      "Date": "2026-03-13",
      "Authors@R": "c(person(\"Alan\", \"Genz\", role = \"aut\"), person(\"Frank\", \"Bretz\", role = \"aut\"), person(\"Tetsuhisa\", \"Miwa\", role = \"aut\"), person(\"Xuefei\", \"Mi\", role = \"aut\"), person(\"Friedrich\", \"Leisch\", role = \"ctb\"), person(\"Fabian\", \"Scheipl\", role = \"ctb\"), person(\"Bjoern\", \"Bornkamp\", role = \"ctb\", comment = c(ORCID = \"0000-0002-6294-8185\")), person(\"Martin\", \"Maechler\", role = \"ctb\", comment = c(ORCID = \"0000-0002-8685-9910\")), person(\"Torsten\", \"Hothorn\", role = c(\"aut\", \"cre\"), email = \"Torsten.Hothorn@R-project.org\", comment = c(ORCID = \"0000-0001-8301-0471\")))",
      "Description": "Computes multivariate normal and t probabilities, quantiles, random deviates,  and densities. Log-likelihoods for multivariate Gaussian models and Gaussian copulae  parameterised by Cholesky factors of covariance or precision matrices are implemented  for interval-censored and exact data, or a mix thereof. Score functions for these  log-likelihoods are available. A class representing multiple lower triangular matrices  and corresponding methods are part of this package.",
      "Imports": [
        "stats"
      ],
      "Depends": [
        "R(>= 3.5.0)"
      ],
      "Suggests": [
        "qrng",
        "numDeriv",
        "bibtex"
      ],
      "License": "GPL-2",
      "URL": "http://mvtnorm.R-forge.R-project.org",
      "NeedsCompilation": "yes",
      "Author": "Alan Genz [aut], Frank Bretz [aut], Tetsuhisa Miwa [aut], Xuefei Mi [aut], Friedrich Leisch [ctb], Fabian Scheipl [ctb], Bjoern Bornkamp [ctb] (ORCID: <https://orcid.org/0000-0002-6294-8185>), Martin Maechler [ctb] (ORCID: <https://orcid.org/0000-0002-8685-9910>), Torsten Hothorn [aut, cre] (ORCID: <https://orcid.org/0000-0001-8301-0471>)",
      "Maintainer": "Torsten Hothorn <Torsten.Hothorn@R-project.org>",
      "Repository": "CRAN"
    },
    "numDeriv": {
      "Package": "numDeriv",
      "Version": "2016.8-1.1",
      "Source": "Repository",
      "Title": "Accurate Numerical Derivatives",
      "Description": "Methods for calculating (usually) accurate numerical first and second order derivatives. Accurate calculations  are done using 'Richardson''s' extrapolation or, when applicable, a complex step derivative is available. A simple difference  method is also provided. Simple difference is (usually) less accurate but is much quicker than 'Richardson''s' extrapolation and provides a  useful cross-check.  Methods are provided for real scalar and vector valued functions.",
      "Depends": [
        "R (>= 2.11.1)"
      ],
      "LazyLoad": "yes",
      "ByteCompile": "yes",
      "License": "GPL-2",
      "Copyright": "2006-2011, Bank of Canada. 2012-2016, Paul Gilbert",
      "Author": "Paul Gilbert and Ravi Varadhan",
      "Maintainer": "Paul Gilbert <pgilbert.ttv9z@ncf.ca>",
      "URL": "http://optimizer.r-forge.r-project.org/",
      "NeedsCompilation": "no",
      "Repository": "CRAN"
    },
    "plyr": {
      "Package": "plyr",
      "Version": "1.8.9",
      "Source": "Repository",
      "Title": "Tools for Splitting, Applying and Combining Data",
      "Authors@R": "person(\"Hadley\", \"Wickham\", , \"hadley@rstudio.com\", role = c(\"aut\", \"cre\"))",
      "Description": "A set of tools that solves a common set of problems: you need to break a big problem down into manageable pieces, operate on each piece and then put all the pieces back together.  For example, you might want to fit a model to each spatial location or time point in your study, summarise data by panels or collapse high-dimensional arrays to simpler summary statistics. The development of 'plyr' has been generously supported by 'Becton Dickinson'.",
      "License": "MIT + file LICENSE",
      "URL": "http://had.co.nz/plyr, https://github.com/hadley/plyr",
      "BugReports": "https://github.com/hadley/plyr/issues",
      "Depends": [
        "R (>= 3.1.0)"
      ],
      "Imports": [
        "Rcpp (>= 0.11.0)"
      ],
      "Suggests": [
        "abind",
        "covr",
        "doParallel",
        "foreach",
        "iterators",
        "itertools",
        "tcltk",
        "testthat"
      ],
      "LinkingTo": [
        "Rcpp"
      ],
      "Encoding": "UTF-8",
      "LazyData": "true",
      "RoxygenNote": "7.2.3",
      "NeedsCompilation": "yes",
      "Author": "Hadley Wickham [aut, cre]",
      "Maintainer": "Hadley Wickham <hadley@rstudio.com>",
      "Repository": "CRAN"
    },
    "spikes": {
      "Package": "spikes",
      "Version": "1.1",
      "Source": "Repository",
      "Type": "Package",
      "Title": "Detecting Election Fraud from Irregularities in Vote-Share Distributions",
      "Depends": [
        "R (>= 3.2.2)",
        "emdbook"
      ],
      "Date": "2016-09-21",
      "Author": "Arturas Rozenas",
      "Maintainer": "Arturas Rozenas <ar199@nyu.edu>",
      "Description": "Applies re-sampled kernel density method to detect vote fraud. It estimates the proportion of coarse vote-shares in the observed data relative to the null hypothesis of no fraud.",
      "License": "GPL (>= 2)",
      "NeedsCompilation": "no",
      "Repository": "CRAN"
    }
  }
}
